
Microsoft Visual Studio Solution File, Format Version 12.00
# Visual Studio Version 17
VisualStudioVersion = 17.9.34616.47
MinimumVisualStudioVersion = 10.0.40219.1
Project("{9A19103F-16F7-4668-BE54-9A1E7A4F7556}") = "Converter", "Converter\Converter.csproj", "{81354A62-4DDD-4ACE-8CE4-34E5C4F9F654}"
EndProject
Project("{9A19103F-16F7-4668-BE54-9A1E7A4F7556}") = "Lab1", "..\..\Lab1\Lab1\Lab1\Lab1.csproj", "{1CF0ABE9-1B99-42BA-99D8-4E24A4DFAFBB}"
EndProject
Project("{FAE04EC0-301F-11D3-BF4B-00C04F79EFBC}") = "Lab2_3", "Lab2_3\Lab2_3.csproj", "{EB5DEB1E-3FB1-4682-81AC-44B600649630}"
EndProject
Global
	GlobalSection(SolutionConfigurationPlatforms) = preSolution
		Debug|Any CPU = Debug|Any CPU
		Release|Any CPU = Release|Any CPU
	EndGlobalSection
	GlobalSection(ProjectConfigurationPlatforms) = postSolution
		{81354A62-4DDD-4ACE-8CE4-34E5C4F9F654}.Debug|Any CPU.ActiveCfg = Debug|Any CPU
		{81354A62-4DDD-4ACE-8CE4-34E5C4F9F654}.Debug|Any CPU.Build.0 = Debug|Any CPU
		{81354A62-4DDD-4ACE-8CE4-34E5C4F9F654}.Release|Any CPU.ActiveCfg = Release|Any CPU
		{81354A62-4DDD-4ACE-8CE4-34E5C4F9F654}.Release|Any CPU.Build.0 = Release|Any CPU
		{1CF0ABE9-1B99-42BA-99D8-4E24A4DFAFBB}.Debug|Any CPU.ActiveCfg = Debug|Any CPU
		{1CF0ABE9-1B99-42BA-99D8-4E24A4DFAFBB}.Debug|Any CPU.Build.0 = Debug|Any CPU
		{1CF0ABE9-1B99-42BA-99D8-4E24A4DFAFBB}.Release|Any CPU.ActiveCfg = Release|Any CPU
		{1CF0ABE9-1B99-42BA-99D8-4E24A4DFAFBB}.Release|Any CPU.Build.0 = Release|Any CPU
		{EB5DEB1E-3FB1-4682-81AC-44B600649630}.Debug|Any CPU.ActiveCfg = Debug|Any CPU
		{EB5DEB1E-3FB1-4682-81AC-44B600649630}.Debug|Any CPU.Build.0 = Debug|Any CPU
		{EB5DEB1E-3FB1-4682-81AC-44B600649630}.Release|Any CPU.ActiveCfg = Release|Any CPU
		{EB5DEB1E-3FB1-4682-81AC-44B600649630}.Release|Any CPU.Build.0 = Release|Any CPU
	EndGlobalSection
	GlobalSection(SolutionProperties) = preSolution
		HideSolutionNode = FALSE
	EndGlobalSection
	GlobalSection(ExtensibilityGlobals) = postSolution
		SolutionGuid = {F7355D2E-038C-4926-B93C-780356C822E0}
	EndGlobalSection
EndGlobal
